{
    "version": 3,
    "terraform_version": "0.11.7",
    "serial": 11,
    "lineage": "25c30d21-a32c-f14c-e80f-6fb17afab7ef",
    "modules": [
        {
            "path": [
                "root"
            ],
            "outputs": {},
            "resources": {
                "azurerm_metric_alertrule.storage": {
                    "type": "azurerm_metric_alertrule",
                    "depends_on": [
                        "azurerm_sql_database.scannerTestSqlDb",
                        "module.monitoring"
                    ],
                    "primary": {
                        "id": "/subscriptions/510f92e0-3fcf-4b8f-8a23-095d37e6a299/resourceGroups/scanner_test_analytics/providers/microsoft.insights/alertrules/scanner-sqldb-3511518558484760141-storage",
                        "attributes": {
                            "aggregation": "Maximum",
                            "description": "An alert rule to watch the metric Storage",
                            "email_action.#": "1",
                            "email_action.0.custom_emails.#": "1",
                            "email_action.0.custom_emails.0": "example@example.com",
                            "email_action.0.send_to_service_owners": "false",
                            "enabled": "true",
                            "id": "/subscriptions/510f92e0-3fcf-4b8f-8a23-095d37e6a299/resourceGroups/scanner_test_analytics/providers/microsoft.insights/alertrules/scanner-sqldb-3511518558484760141-storage",
                            "location": "westeurope",
                            "metric_name": "storage",
                            "name": "scanner-sqldb-3511518558484760141-storage",
                            "operator": "GreaterThan",
                            "period": "PT10M",
                            "resource_group_name": "scanner_test_analytics",
                            "resource_id": "/subscriptions/510f92e0-3fcf-4b8f-8a23-095d37e6a299/resourceGroups/scannerTestSqlRg/providers/Microsoft.Sql/servers/kv3511518558484760141/databases/scanner-sqldb-3511518558484760141",
                            "tags.%": "0",
                            "threshold": "1.073741824E+09",
                            "webhook_action.#": "1",
                            "webhook_action.0.properties.%": "2",
                            "webhook_action.0.properties.acceptance_test": "true",
                            "webhook_action.0.properties.severity": "incredible",
                            "webhook_action.0.service_uri": "https://example.com/some-url"
                        },
                        "meta": {},
                        "tainted": false
                    },
                    "deposed": [],
                    "provider": "provider.azurerm"
                },
                "azurerm_resource_group.scannerTestSqlRg": {
                    "type": "azurerm_resource_group",
                    "depends_on": [],
                    "primary": {
                        "id": "/subscriptions/510f92e0-3fcf-4b8f-8a23-095d37e6a299/resourceGroups/scannerTestSqlRg",
                        "attributes": {
                            "id": "/subscriptions/510f92e0-3fcf-4b8f-8a23-095d37e6a299/resourceGroups/scannerTestSqlRg",
                            "location": "westus2",
                            "name": "scannerTestSqlRg",
                            "tags.%": "0"
                        },
                        "meta": {},
                        "tainted": false
                    },
                    "deposed": [],
                    "provider": "provider.azurerm"
                },
                "azurerm_sql_database.scannerTestSqlDb": {
                    "type": "azurerm_sql_database",
                    "depends_on": [
                        "azurerm_resource_group.scannerTestSqlRg",
                        "azurerm_sql_server.scannerTestSqlServer",
                        "random_id.server"
                    ],
                    "primary": {
                        "id": "/subscriptions/510f92e0-3fcf-4b8f-8a23-095d37e6a299/resourceGroups/scannerTestSqlRg/providers/Microsoft.Sql/servers/kv3511518558484760141/databases/scanner-sqldb-3511518558484760141",
                        "attributes": {
                            "collation": "SQL_Latin1_General_CP1_CI_AS",
                            "create_mode": "Default",
                            "creation_date": "2018-08-07T15:01:54.61Z",
                            "default_secondary_location": "West Central US",
                            "edition": "Standard",
                            "elastic_pool_name": "",
                            "encryption": "",
                            "id": "/subscriptions/510f92e0-3fcf-4b8f-8a23-095d37e6a299/resourceGroups/scannerTestSqlRg/providers/Microsoft.Sql/servers/kv3511518558484760141/databases/scanner-sqldb-3511518558484760141",
                            "location": "westus2",
                            "max_size_bytes": "268435456000",
                            "name": "scanner-sqldb-3511518558484760141",
                            "requested_service_objective_id": "f1173c43-91bd-4aaa-973c-54e79e15235b",
                            "requested_service_objective_name": "S0",
                            "resource_group_name": "scannerTestSqlRg",
                            "server_name": "kv3511518558484760141",
                            "tags.%": "1",
                            "tags.environment": "production"
                        },
                        "meta": {},
                        "tainted": false
                    },
                    "deposed": [],
                    "provider": "provider.azurerm"
                },
                "azurerm_sql_server.scannerTestSqlServer": {
                    "type": "azurerm_sql_server",
                    "depends_on": [
                        "azurerm_resource_group.scannerTestSqlRg",
                        "random_id.server"
                    ],
                    "primary": {
                        "id": "/subscriptions/510f92e0-3fcf-4b8f-8a23-095d37e6a299/resourceGroups/scannerTestSqlRg/providers/Microsoft.Sql/servers/kv3511518558484760141",
                        "attributes": {
                            "administrator_login": "4dm1n157r470r",
                            "administrator_login_password": "4-v3ry-53cr37-p455w0rd",
                            "fully_qualified_domain_name": "kv3511518558484760141.database.windows.net",
                            "id": "/subscriptions/510f92e0-3fcf-4b8f-8a23-095d37e6a299/resourceGroups/scannerTestSqlRg/providers/Microsoft.Sql/servers/kv3511518558484760141",
                            "location": "westus2",
                            "name": "kv3511518558484760141",
                            "resource_group_name": "scannerTestSqlRg",
                            "tags.%": "0",
                            "version": "12.0"
                        },
                        "meta": {},
                        "tainted": false
                    },
                    "deposed": [],
                    "provider": "provider.azurerm"
                },
                "random_id.server": {
                    "type": "random_id",
                    "depends_on": [],
                    "primary": {
                        "id": "MLtrhiytBk0",
                        "attributes": {
                            "b64": "MLtrhiytBk0",
                            "b64_std": "MLtrhiytBk0=",
                            "b64_url": "MLtrhiytBk0",
                            "byte_length": "8",
                            "dec": "3511518558484760141",
                            "hex": "30bb6b862cad064d",
                            "id": "MLtrhiytBk0",
                            "keepers.%": "1",
                            "keepers.ami_id": "1"
                        },
                        "meta": {},
                        "tainted": false
                    },
                    "deposed": [],
                    "provider": "provider.random"
                }
            },
            "depends_on": []
        },
        {
            "path": [
                "root",
                "monitoring"
            ],
            "outputs": {
                "alert_email": {
                    "sensitive": false,
                    "type": "string",
                    "value": "example@example.com"
                },
                "monitorResourceGroupLocation": {
                    "sensitive": false,
                    "type": "string",
                    "value": "westeurope"
                },
                "monitorResourceGroupName": {
                    "sensitive": false,
                    "type": "string",
                    "value": "scanner_test_analytics"
                }
            },
            "resources": {
                "azurerm_resource_group.scannerLogingMonitoring": {
                    "type": "azurerm_resource_group",
                    "depends_on": [],
                    "primary": {
                        "id": "/subscriptions/510f92e0-3fcf-4b8f-8a23-095d37e6a299/resourceGroups/scanner_test_analytics",
                        "attributes": {
                            "id": "/subscriptions/510f92e0-3fcf-4b8f-8a23-095d37e6a299/resourceGroups/scanner_test_analytics",
                            "location": "westeurope",
                            "name": "scanner_test_analytics",
                            "tags.%": "0"
                        },
                        "meta": {},
                        "tainted": false
                    },
                    "deposed": [],
                    "provider": "provider.azurerm"
                },
                "random_id.workspace": {
                    "type": "random_id",
                    "depends_on": [
                        "azurerm_resource_group.scannerLogingMonitoring"
                    ],
                    "primary": {
                        "id": "rt5SJ_U4KB8",
                        "attributes": {
                            "b64": "rt5SJ_U4KB8",
                            "b64_std": "rt5SJ/U4KB8=",
                            "b64_url": "rt5SJ_U4KB8",
                            "byte_length": "8",
                            "dec": "12600599139000526879",
                            "hex": "aede5227f538281f",
                            "id": "rt5SJ_U4KB8",
                            "keepers.%": "1",
                            "keepers.group_name": "scanner_test_analytics"
                        },
                        "meta": {},
                        "tainted": false
                    },
                    "deposed": [],
                    "provider": "provider.random"
                }
            },
            "depends_on": []
        }
    ]
}
