{
    "version": 3,
    "terraform_version": "0.11.7",
    "serial": 5,
    "lineage": "b70ae5d3-b3a7-776c-783a-c0d230df24ae",
    "modules": [
        {
            "path": [
                "root"
            ],
            "outputs": {},
            "resources": {
                "random_id.server": {
                    "type": "random_id",
                    "depends_on": [],
                    "primary": {
                        "id": "wGk7sd9KZ4g",
                        "attributes": {
                            "b64": "wGk7sd9KZ4g",
                            "b64_std": "wGk7sd9KZ4g=",
                            "b64_url": "wGk7sd9KZ4g",
                            "byte_length": "8",
                            "dec": "13864678562978228104",
                            "hex": "c0693bb1df4a6788",
                            "id": "wGk7sd9KZ4g",
                            "keepers.%": "1",
                            "keepers.ami_id": "1"
                        },
                        "meta": {},
                        "tainted": false
                    },
                    "deposed": [],
                    "provider": "provider.random"
                }
            },
            "depends_on": []
        },
        {
            "path": [
                "root",
                "common"
            ],
            "outputs": {
                "current_subscription_display_name": {
                    "sensitive": false,
                    "type": "string",
                    "value": "Pay-As-You-Go"
                }
            },
            "resources": {
                "azurerm_resource_group.defaultRG": {
                    "type": "azurerm_resource_group",
                    "depends_on": [],
                    "primary": {
                        "id": "/subscriptions/510f92e0-3fcf-4b8f-8a23-095d37e6a299/resourceGroups/scannerDefaultResourceGroup",
                        "attributes": {
                            "id": "/subscriptions/510f92e0-3fcf-4b8f-8a23-095d37e6a299/resourceGroups/scannerDefaultResourceGroup",
                            "location": "westus2",
                            "name": "scannerDefaultResourceGroup",
                            "tags.%": "0"
                        },
                        "meta": {},
                        "tainted": false
                    },
                    "deposed": [],
                    "provider": "provider.azurerm"
                },
                "data.azurerm_client_config.current": {
                    "type": "azurerm_client_config",
                    "depends_on": [],
                    "primary": {
                        "id": "2018-08-09 22:23:01.445261 +0000 UTC",
                        "attributes": {
                            "client_id": "04b07795-8ddb-461a-bbee-02f9e1bf7b46",
                            "id": "2018-08-09 22:23:01.445261 +0000 UTC",
                            "subscription_id": "510f92e0-3fcf-4b8f-8a23-095d37e6a299",
                            "tenant_id": "06fbf4a8-34be-4de2-800d-b60b4b8e4610"
                        },
                        "meta": {},
                        "tainted": false
                    },
                    "deposed": [],
                    "provider": "provider.azurerm"
                },
                "data.azurerm_subscription.current": {
                    "type": "azurerm_subscription",
                    "depends_on": [],
                    "primary": {
                        "id": "/subscriptions/510f92e0-3fcf-4b8f-8a23-095d37e6a299",
                        "attributes": {
                            "display_name": "Pay-As-You-Go",
                            "id": "/subscriptions/510f92e0-3fcf-4b8f-8a23-095d37e6a299",
                            "location_placement_id": "Public_2014-09-01",
                            "quota_id": "PayAsYouGo_2014-09-01",
                            "spending_limit": "Off",
                            "state": "Enabled",
                            "subscription_id": "510f92e0-3fcf-4b8f-8a23-095d37e6a299"
                        },
                        "meta": {},
                        "tainted": false
                    },
                    "deposed": [],
                    "provider": "provider.azurerm"
                }
            },
            "depends_on": []
        }
    ]
}
