{
    "version": 3,
    "terraform_version": "0.11.7",
    "serial": 2,
    "lineage": "b1c3061b-9795-138c-1a18-cf6201522edb",
    "modules": [
        {
            "path": [
                "root"
            ],
            "outputs": {},
            "resources": {
                "azurerm_resource_group.scannerLogingMonitoring": {
                    "type": "azurerm_resource_group",
                    "depends_on": [],
                    "primary": {
                        "id": "/subscriptions/510f92e0-3fcf-4b8f-8a23-095d37e6a299/resourceGroups/scanner_test_analytics",
                        "attributes": {
                            "id": "/subscriptions/510f92e0-3fcf-4b8f-8a23-095d37e6a299/resourceGroups/scanner_test_analytics",
                            "location": "westeurope",
                            "name": "scanner_test_analytics",
                            "tags.%": "0"
                        },
                        "meta": {},
                        "tainted": false
                    },
                    "deposed": [],
                    "provider": "provider.azurerm"
                },
                "random_id.workspace": {
                    "type": "random_id",
                    "depends_on": [
                        "azurerm_resource_group.scannerLogingMonitoring"
                    ],
                    "primary": {
                        "id": "g0oTKC72aLU",
                        "attributes": {
                            "b64": "g0oTKC72aLU",
                            "b64_std": "g0oTKC72aLU=",
                            "b64_url": "g0oTKC72aLU",
                            "byte_length": "8",
                            "dec": "9460395030552668341",
                            "hex": "834a13282ef668b5",
                            "id": "g0oTKC72aLU",
                            "keepers.%": "1",
                            "keepers.group_name": "scanner_test_analytics"
                        },
                        "meta": {},
                        "tainted": false
                    },
                    "deposed": [],
                    "provider": "provider.random"
                }
            },
            "depends_on": []
        }
    ]
}
